// !$*UTF8*$!
{
	archiveVersion = 1;
	classes = {
	};
	objectVersion = 50;
	objects = {

/* Begin PBXBuildFile section */
		1758915A3D71267347FF780C /* Pods_appoetry1.framework in Frameworks */ = {isa = PBXBuildFile; fileRef = 463AB6E0CD76989072447C33 /* Pods_appoetry1.framework */; };
		630AB76F22392E7000D6235E /* SearchUserCell.swift in Sources */ = {isa = PBXBuildFile; fileRef = 630AB76E22392E7000D6235E /* SearchUserCell.swift */; };
		630C7379222FAE260020C2FC /* SearchViewController.swift in Sources */ = {isa = PBXBuildFile; fileRef = 630C7378222FAE260020C2FC /* SearchViewController.swift */; };
		630C737F222FAE6B0020C2FC /* FavouritesViewController.swift in Sources */ = {isa = PBXBuildFile; fileRef = 630C737E222FAE6B0020C2FC /* FavouritesViewController.swift */; };
		630C7381222FCB440020C2FC /* DumbUserService.swift in Sources */ = {isa = PBXBuildFile; fileRef = 630C7380222FCB440020C2FC /* DumbUserService.swift */; };
		630C7389222FD5E80020C2FC /* userServiceTests.swift in Sources */ = {isa = PBXBuildFile; fileRef = 630C7388222FD5E80020C2FC /* userServiceTests.swift */; };
		6318BC1E2223EFB2003EF60E /* Main.storyboard in Resources */ = {isa = PBXBuildFile; fileRef = 6318BC1D2223EFB2003EF60E /* Main.storyboard */; };
		6318BC212223F09F003EF60E /* LoginViewController.swift in Sources */ = {isa = PBXBuildFile; fileRef = 6318BC202223F09F003EF60E /* LoginViewController.swift */; };
		6318BC232223F0D1003EF60E /* RegisterViewController.swift in Sources */ = {isa = PBXBuildFile; fileRef = 6318BC222223F0D1003EF60E /* RegisterViewController.swift */; };
		6334F55F2248C72200538933 /* Date.swift in Sources */ = {isa = PBXBuildFile; fileRef = 6334F55E2248C72200538933 /* Date.swift */; };
		6335030B223A8B700028608E /* CreatePostViewModel.swift in Sources */ = {isa = PBXBuildFile; fileRef = 6335030A223A8B700028608E /* CreatePostViewModel.swift */; };
		6335030D223A9A7F0028608E /* MainFlow.swift in Sources */ = {isa = PBXBuildFile; fileRef = 6335030C223A9A7F0028608E /* MainFlow.swift */; };
		63553FE7222FAA5700F1659F /* MainTabBarController.swift in Sources */ = {isa = PBXBuildFile; fileRef = 63553FE6222FAA5700F1659F /* MainTabBarController.swift */; };
		636A57E42223D8DA0021D197 /* AppDelegate.swift in Sources */ = {isa = PBXBuildFile; fileRef = 636A57E32223D8DA0021D197 /* AppDelegate.swift */; };
		636A57E62223D8DA0021D197 /* MainViewController.swift in Sources */ = {isa = PBXBuildFile; fileRef = 636A57E52223D8DA0021D197 /* MainViewController.swift */; };
		636A57E92223D8DA0021D197 /* Register.storyboard in Resources */ = {isa = PBXBuildFile; fileRef = 636A57E72223D8DA0021D197 /* Register.storyboard */; };
		636A57EB2223D8DC0021D197 /* Assets.xcassets in Resources */ = {isa = PBXBuildFile; fileRef = 636A57EA2223D8DC0021D197 /* Assets.xcassets */; };
		636A57EE2223D8DC0021D197 /* LaunchScreen.storyboard in Resources */ = {isa = PBXBuildFile; fileRef = 636A57EC2223D8DC0021D197 /* LaunchScreen.storyboard */; };
		637BE02D2223FF9E00B4E7CC /* AppFlow.swift in Sources */ = {isa = PBXBuildFile; fileRef = 637BE02C2223FF9E00B4E7CC /* AppFlow.swift */; };
		637BE0312223FFB500B4E7CC /* LoginFlow.swift in Sources */ = {isa = PBXBuildFile; fileRef = 637BE0302223FFB500B4E7CC /* LoginFlow.swift */; };
		637BE0332223FFC000B4E7CC /* RegFlow.swift in Sources */ = {isa = PBXBuildFile; fileRef = 637BE0322223FFC000B4E7CC /* RegFlow.swift */; };
		637BE035222415B100B4E7CC /* GoogleService-Info.plist in Resources */ = {isa = PBXBuildFile; fileRef = 637BE034222415B100B4E7CC /* GoogleService-Info.plist */; };
		637BE038222429D200B4E7CC /* RegisterStep2ViewController.swift in Sources */ = {isa = PBXBuildFile; fileRef = 637BE037222429D200B4E7CC /* RegisterStep2ViewController.swift */; };
		637BE03A2224361200B4E7CC /* RegisterStep3ViewController.swift in Sources */ = {isa = PBXBuildFile; fileRef = 637BE0392224361200B4E7CC /* RegisterStep3ViewController.swift */; };
		63A9182A222524E6008F0B68 /* RegisterStep3ViewModel.swift in Sources */ = {isa = PBXBuildFile; fileRef = 63A91829222524E6008F0B68 /* RegisterStep3ViewModel.swift */; };
		63AFEE32223BF34900C5068E /* MainFeedViewCell.swift in Sources */ = {isa = PBXBuildFile; fileRef = 63AFEE31223BF34900C5068E /* MainFeedViewCell.swift */; };
		63AFEE34223C07BC00C5068E /* Post.swift in Sources */ = {isa = PBXBuildFile; fileRef = 63AFEE33223C07BC00C5068E /* Post.swift */; };
		63B56347224A6F1C00B68AB2 /* DatabaseService.swift in Sources */ = {isa = PBXBuildFile; fileRef = 63B56346224A6F1C00B68AB2 /* DatabaseService.swift */; };
		63C4687B2244E4BE00895153 /* EditProfileViewController.swift in Sources */ = {isa = PBXBuildFile; fileRef = 63C4687A2244E4BE00895153 /* EditProfileViewController.swift */; };
		63C4687D2244E4D200895153 /* EditProfileViewModel.swift in Sources */ = {isa = PBXBuildFile; fileRef = 63C4687C2244E4D200895153 /* EditProfileViewModel.swift */; };
		63C777C5223174B800CC753C /* CreatePostViewController.swift in Sources */ = {isa = PBXBuildFile; fileRef = 63C777C4223174B800CC753C /* CreatePostViewController.swift */; };
		63D5E5ED222697C6008D9163 /* LoginViewModel.swift in Sources */ = {isa = PBXBuildFile; fileRef = 63D5E5EC222697C6008D9163 /* LoginViewModel.swift */; };
		63D60D442227C3D9000ECAA8 /* RegisterViewModel.swift in Sources */ = {isa = PBXBuildFile; fileRef = 63D60D432227C3D9000ECAA8 /* RegisterViewModel.swift */; };
		63D60D472227CEF3000ECAA8 /* PFlowController.swift in Sources */ = {isa = PBXBuildFile; fileRef = 63D60D462227CEF3000ECAA8 /* PFlowController.swift */; };
		63D60D492227CFA3000ECAA8 /* RegisterStep2ViewModel.swift in Sources */ = {isa = PBXBuildFile; fileRef = 63D60D482227CFA3000ECAA8 /* RegisterStep2ViewModel.swift */; };
		63D60D4B2228028C000ECAA8 /* Login.storyboard in Resources */ = {isa = PBXBuildFile; fileRef = 63D60D4A2228028C000ECAA8 /* Login.storyboard */; };
		63D60D4D22280D13000ECAA8 /* ClassName.swift in Sources */ = {isa = PBXBuildFile; fileRef = 63D60D4C22280D13000ECAA8 /* ClassName.swift */; };
		63D60D5022280E8C000ECAA8 /* Storyboard.swift in Sources */ = {isa = PBXBuildFile; fileRef = 63D60D4F22280E8C000ECAA8 /* Storyboard.swift */; };
		63D60D552229215B000ECAA8 /* UserServices.swift in Sources */ = {isa = PBXBuildFile; fileRef = 63D60D542229215B000ECAA8 /* UserServices.swift */; };
		63D60D5922295A1C000ECAA8 /* Dependencies.swift in Sources */ = {isa = PBXBuildFile; fileRef = 63D60D5822295A1C000ECAA8 /* Dependencies.swift */; };
		63D60D5B22295D8B000ECAA8 /* MainViewModel.swift in Sources */ = {isa = PBXBuildFile; fileRef = 63D60D5A22295D8B000ECAA8 /* MainViewModel.swift */; };
		63E4CF14223FD50F00ACF5C2 /* MyProfileFeedCell.swift in Sources */ = {isa = PBXBuildFile; fileRef = 63E4CF13223FD50F00ACF5C2 /* MyProfileFeedCell.swift */; };
		63E4CF16223FEEEE00ACF5C2 /* FavouriteFeedViewCell.swift in Sources */ = {isa = PBXBuildFile; fileRef = 63E4CF15223FEEEE00ACF5C2 /* FavouriteFeedViewCell.swift */; };
		63F5366622424DEC0019BDE6 /* ProfilesViewController.swift in Sources */ = {isa = PBXBuildFile; fileRef = 63F5366522424DEC0019BDE6 /* ProfilesViewController.swift */; };
		63F5366822424E230019BDE6 /* ProfilesFeedCell.swift in Sources */ = {isa = PBXBuildFile; fileRef = 63F5366722424E230019BDE6 /* ProfilesFeedCell.swift */; };
		63F5366A22424E320019BDE6 /* ProfilesViewModel.swift in Sources */ = {isa = PBXBuildFile; fileRef = 63F5366922424E320019BDE6 /* ProfilesViewModel.swift */; };
		63F8575E223277F10096C9FA /* FavouritesViewModel.swift in Sources */ = {isa = PBXBuildFile; fileRef = 63F8575D223277F10096C9FA /* FavouritesViewModel.swift */; };
		63F85760223278190096C9FA /* MyProfileViewController.swift in Sources */ = {isa = PBXBuildFile; fileRef = 63F8575F223278190096C9FA /* MyProfileViewController.swift */; };
		63F857622232787C0096C9FA /* MyProfileViewModel.swift in Sources */ = {isa = PBXBuildFile; fileRef = 63F857612232787C0096C9FA /* MyProfileViewModel.swift */; };
		63F85764223278950096C9FA /* SearchViewModel.swift in Sources */ = {isa = PBXBuildFile; fileRef = 63F85763223278950096C9FA /* SearchViewModel.swift */; };
		63F85766223292BF0096C9FA /* UserInfo.swift in Sources */ = {isa = PBXBuildFile; fileRef = 63F85765223292BF0096C9FA /* UserInfo.swift */; };
		63FF78E1224385BD002720AD /* FollowingViewController.swift in Sources */ = {isa = PBXBuildFile; fileRef = 63FF78E0224385BD002720AD /* FollowingViewController.swift */; };
		63FF78E322438601002720AD /* FollowingViewModel.swift in Sources */ = {isa = PBXBuildFile; fileRef = 63FF78E222438601002720AD /* FollowingViewModel.swift */; };
		63FF78E5224386E6002720AD /* FollowingTableViewCell.swift in Sources */ = {isa = PBXBuildFile; fileRef = 63FF78E4224386E6002720AD /* FollowingTableViewCell.swift */; };
		63FF78E82243C7EF002720AD /* FollowersViewController.swift in Sources */ = {isa = PBXBuildFile; fileRef = 63FF78E72243C7EF002720AD /* FollowersViewController.swift */; };
		63FF78EA2243C80A002720AD /* FollowersTableViewCell.swift in Sources */ = {isa = PBXBuildFile; fileRef = 63FF78E92243C80A002720AD /* FollowersTableViewCell.swift */; };
		63FF78EC2243C81E002720AD /* FollowersViewModel.swift in Sources */ = {isa = PBXBuildFile; fileRef = 63FF78EB2243C81E002720AD /* FollowersViewModel.swift */; };
		63FF78EE2243CB20002720AD /* Design.swift in Sources */ = {isa = PBXBuildFile; fileRef = 63FF78ED2243CB20002720AD /* Design.swift */; };
		63FF78F02243D9EC002720AD /* Buttons.swift in Sources */ = {isa = PBXBuildFile; fileRef = 63FF78EF2243D9EC002720AD /* Buttons.swift */; };
		E4E335F1BE1C8FE72D93F448 /* Pods_appoetry1Tests.framework in Frameworks */ = {isa = PBXBuildFile; fileRef = CD3F21AFA5F613326F4FCFBC /* Pods_appoetry1Tests.framework */; };
/* End PBXBuildFile section */

/* Begin PBXContainerItemProxy section */
		630C738B222FD5E80020C2FC /* PBXContainerItemProxy */ = {
			isa = PBXContainerItemProxy;
			containerPortal = 636A57D82223D8D90021D197 /* Project object */;
			proxyType = 1;
			remoteGlobalIDString = 636A57DF2223D8DA0021D197;
			remoteInfo = appoetry1;
		};
/* End PBXContainerItemProxy section */

/* Begin PBXFileReference section */
		0BF0EE065C11B49939A2CF21 /* Pods-appoetry1Tests.debug.xcconfig */ = {isa = PBXFileReference; includeInIndex = 1; lastKnownFileType = text.xcconfig; name = "Pods-appoetry1Tests.debug.xcconfig"; path = "Target Support Files/Pods-appoetry1Tests/Pods-appoetry1Tests.debug.xcconfig"; sourceTree = "<group>"; };
		463AB6E0CD76989072447C33 /* Pods_appoetry1.framework */ = {isa = PBXFileReference; explicitFileType = wrapper.framework; includeInIndex = 0; path = Pods_appoetry1.framework; sourceTree = BUILT_PRODUCTS_DIR; };
		47945BAC431D1A09313BE45B /* Pods-appoetry1.release.xcconfig */ = {isa = PBXFileReference; includeInIndex = 1; lastKnownFileType = text.xcconfig; name = "Pods-appoetry1.release.xcconfig"; path = "Target Support Files/Pods-appoetry1/Pods-appoetry1.release.xcconfig"; sourceTree = "<group>"; };
		630AB76E22392E7000D6235E /* SearchUserCell.swift */ = {isa = PBXFileReference; lastKnownFileType = sourcecode.swift; path = SearchUserCell.swift; sourceTree = "<group>"; };
		630C7378222FAE260020C2FC /* SearchViewController.swift */ = {isa = PBXFileReference; lastKnownFileType = sourcecode.swift; path = SearchViewController.swift; sourceTree = "<group>"; };
		630C737E222FAE6B0020C2FC /* FavouritesViewController.swift */ = {isa = PBXFileReference; lastKnownFileType = sourcecode.swift; path = FavouritesViewController.swift; sourceTree = "<group>"; };
		630C7380222FCB440020C2FC /* DumbUserService.swift */ = {isa = PBXFileReference; lastKnownFileType = sourcecode.swift; path = DumbUserService.swift; sourceTree = "<group>"; };
		630C7386222FD5E80020C2FC /* appoetry1Tests.xctest */ = {isa = PBXFileReference; explicitFileType = wrapper.cfbundle; includeInIndex = 0; path = appoetry1Tests.xctest; sourceTree = BUILT_PRODUCTS_DIR; };
		630C7388222FD5E80020C2FC /* userServiceTests.swift */ = {isa = PBXFileReference; lastKnownFileType = sourcecode.swift; path = userServiceTests.swift; sourceTree = "<group>"; };
		630C738A222FD5E80020C2FC /* Info.plist */ = {isa = PBXFileReference; lastKnownFileType = text.plist.xml; path = Info.plist; sourceTree = "<group>"; };
		6318BC1D2223EFB2003EF60E /* Main.storyboard */ = {isa = PBXFileReference; lastKnownFileType = file.storyboard; path = Main.storyboard; sourceTree = "<group>"; };
		6318BC202223F09F003EF60E /* LoginViewController.swift */ = {isa = PBXFileReference; lastKnownFileType = sourcecode.swift; path = LoginViewController.swift; sourceTree = "<group>"; };
		6318BC222223F0D1003EF60E /* RegisterViewController.swift */ = {isa = PBXFileReference; lastKnownFileType = sourcecode.swift; path = RegisterViewController.swift; sourceTree = "<group>"; };
		6334F55E2248C72200538933 /* Date.swift */ = {isa = PBXFileReference; lastKnownFileType = sourcecode.swift; path = Date.swift; sourceTree = "<group>"; };
		6335030A223A8B700028608E /* CreatePostViewModel.swift */ = {isa = PBXFileReference; lastKnownFileType = sourcecode.swift; path = CreatePostViewModel.swift; sourceTree = "<group>"; };
		6335030C223A9A7F0028608E /* MainFlow.swift */ = {isa = PBXFileReference; fileEncoding = 4; lastKnownFileType = sourcecode.swift; path = MainFlow.swift; sourceTree = "<group>"; };
		63553FE6222FAA5700F1659F /* MainTabBarController.swift */ = {isa = PBXFileReference; lastKnownFileType = sourcecode.swift; path = MainTabBarController.swift; sourceTree = "<group>"; };
		636A57E02223D8DA0021D197 /* appoetry1.app */ = {isa = PBXFileReference; explicitFileType = wrapper.application; includeInIndex = 0; path = appoetry1.app; sourceTree = BUILT_PRODUCTS_DIR; };
		636A57E32223D8DA0021D197 /* AppDelegate.swift */ = {isa = PBXFileReference; lastKnownFileType = sourcecode.swift; path = AppDelegate.swift; sourceTree = "<group>"; };
		636A57E52223D8DA0021D197 /* MainViewController.swift */ = {isa = PBXFileReference; lastKnownFileType = sourcecode.swift; path = MainViewController.swift; sourceTree = "<group>"; };
		636A57E82223D8DA0021D197 /* Base */ = {isa = PBXFileReference; lastKnownFileType = file.storyboard; name = Base; path = Base.lproj/Register.storyboard; sourceTree = "<group>"; };
		636A57EA2223D8DC0021D197 /* Assets.xcassets */ = {isa = PBXFileReference; lastKnownFileType = folder.assetcatalog; path = Assets.xcassets; sourceTree = "<group>"; };
		636A57ED2223D8DC0021D197 /* Base */ = {isa = PBXFileReference; lastKnownFileType = file.storyboard; name = Base; path = Base.lproj/LaunchScreen.storyboard; sourceTree = "<group>"; };
		636A57EF2223D8DC0021D197 /* Info.plist */ = {isa = PBXFileReference; lastKnownFileType = text.plist.xml; path = Info.plist; sourceTree = "<group>"; };
		637BE02C2223FF9E00B4E7CC /* AppFlow.swift */ = {isa = PBXFileReference; lastKnownFileType = sourcecode.swift; path = AppFlow.swift; sourceTree = "<group>"; };
		637BE0302223FFB500B4E7CC /* LoginFlow.swift */ = {isa = PBXFileReference; lastKnownFileType = sourcecode.swift; path = LoginFlow.swift; sourceTree = "<group>"; };
		637BE0322223FFC000B4E7CC /* RegFlow.swift */ = {isa = PBXFileReference; lastKnownFileType = sourcecode.swift; path = RegFlow.swift; sourceTree = "<group>"; };
		637BE034222415B100B4E7CC /* GoogleService-Info.plist */ = {isa = PBXFileReference; fileEncoding = 4; lastKnownFileType = text.plist.xml; path = "GoogleService-Info.plist"; sourceTree = SOURCE_ROOT; };
		637BE037222429D200B4E7CC /* RegisterStep2ViewController.swift */ = {isa = PBXFileReference; lastKnownFileType = sourcecode.swift; path = RegisterStep2ViewController.swift; sourceTree = "<group>"; };
		637BE0392224361200B4E7CC /* RegisterStep3ViewController.swift */ = {isa = PBXFileReference; lastKnownFileType = sourcecode.swift; path = RegisterStep3ViewController.swift; sourceTree = "<group>"; };
		63A91829222524E6008F0B68 /* RegisterStep3ViewModel.swift */ = {isa = PBXFileReference; lastKnownFileType = sourcecode.swift; path = RegisterStep3ViewModel.swift; sourceTree = "<group>"; };
		63AFEE31223BF34900C5068E /* MainFeedViewCell.swift */ = {isa = PBXFileReference; lastKnownFileType = sourcecode.swift; path = MainFeedViewCell.swift; sourceTree = "<group>"; };
		63AFEE33223C07BC00C5068E /* Post.swift */ = {isa = PBXFileReference; lastKnownFileType = sourcecode.swift; path = Post.swift; sourceTree = "<group>"; };
		63B56346224A6F1C00B68AB2 /* DatabaseService.swift */ = {isa = PBXFileReference; lastKnownFileType = sourcecode.swift; path = DatabaseService.swift; sourceTree = "<group>"; };
		63C4687A2244E4BE00895153 /* EditProfileViewController.swift */ = {isa = PBXFileReference; lastKnownFileType = sourcecode.swift; path = EditProfileViewController.swift; sourceTree = "<group>"; };
		63C4687C2244E4D200895153 /* EditProfileViewModel.swift */ = {isa = PBXFileReference; lastKnownFileType = sourcecode.swift; path = EditProfileViewModel.swift; sourceTree = "<group>"; };
		63C777C4223174B800CC753C /* CreatePostViewController.swift */ = {isa = PBXFileReference; lastKnownFileType = sourcecode.swift; path = CreatePostViewController.swift; sourceTree = "<group>"; };
		63D5E5EC222697C6008D9163 /* LoginViewModel.swift */ = {isa = PBXFileReference; lastKnownFileType = sourcecode.swift; path = LoginViewModel.swift; sourceTree = "<group>"; };
		63D60D432227C3D9000ECAA8 /* RegisterViewModel.swift */ = {isa = PBXFileReference; lastKnownFileType = sourcecode.swift; path = RegisterViewModel.swift; sourceTree = "<group>"; };
		63D60D462227CEF3000ECAA8 /* PFlowController.swift */ = {isa = PBXFileReference; lastKnownFileType = sourcecode.swift; path = PFlowController.swift; sourceTree = "<group>"; };
		63D60D482227CFA3000ECAA8 /* RegisterStep2ViewModel.swift */ = {isa = PBXFileReference; lastKnownFileType = sourcecode.swift; path = RegisterStep2ViewModel.swift; sourceTree = "<group>"; };
		63D60D4A2228028C000ECAA8 /* Login.storyboard */ = {isa = PBXFileReference; lastKnownFileType = file.storyboard; path = Login.storyboard; sourceTree = "<group>"; };
		63D60D4C22280D13000ECAA8 /* ClassName.swift */ = {isa = PBXFileReference; lastKnownFileType = sourcecode.swift; path = ClassName.swift; sourceTree = "<group>"; };
		63D60D4F22280E8C000ECAA8 /* Storyboard.swift */ = {isa = PBXFileReference; lastKnownFileType = sourcecode.swift; path = Storyboard.swift; sourceTree = "<group>"; };
		63D60D542229215B000ECAA8 /* UserServices.swift */ = {isa = PBXFileReference; lastKnownFileType = sourcecode.swift; path = UserServices.swift; sourceTree = "<group>"; };
		63D60D5822295A1C000ECAA8 /* Dependencies.swift */ = {isa = PBXFileReference; lastKnownFileType = sourcecode.swift; path = Dependencies.swift; sourceTree = "<group>"; };
		63D60D5A22295D8B000ECAA8 /* MainViewModel.swift */ = {isa = PBXFileReference; lastKnownFileType = sourcecode.swift; path = MainViewModel.swift; sourceTree = "<group>"; };
		63E4CF13223FD50F00ACF5C2 /* MyProfileFeedCell.swift */ = {isa = PBXFileReference; lastKnownFileType = sourcecode.swift; path = MyProfileFeedCell.swift; sourceTree = "<group>"; };
		63E4CF15223FEEEE00ACF5C2 /* FavouriteFeedViewCell.swift */ = {isa = PBXFileReference; lastKnownFileType = sourcecode.swift; path = FavouriteFeedViewCell.swift; sourceTree = "<group>"; };
		63F5366522424DEC0019BDE6 /* ProfilesViewController.swift */ = {isa = PBXFileReference; lastKnownFileType = sourcecode.swift; path = ProfilesViewController.swift; sourceTree = "<group>"; };
		63F5366722424E230019BDE6 /* ProfilesFeedCell.swift */ = {isa = PBXFileReference; lastKnownFileType = sourcecode.swift; path = ProfilesFeedCell.swift; sourceTree = "<group>"; };
		63F5366922424E320019BDE6 /* ProfilesViewModel.swift */ = {isa = PBXFileReference; lastKnownFileType = sourcecode.swift; path = ProfilesViewModel.swift; sourceTree = "<group>"; };
		63F8575D223277F10096C9FA /* FavouritesViewModel.swift */ = {isa = PBXFileReference; lastKnownFileType = sourcecode.swift; path = FavouritesViewModel.swift; sourceTree = "<group>"; };
		63F8575F223278190096C9FA /* MyProfileViewController.swift */ = {isa = PBXFileReference; lastKnownFileType = sourcecode.swift; path = MyProfileViewController.swift; sourceTree = "<group>"; };
		63F857612232787C0096C9FA /* MyProfileViewModel.swift */ = {isa = PBXFileReference; lastKnownFileType = sourcecode.swift; path = MyProfileViewModel.swift; sourceTree = "<group>"; };
		63F85763223278950096C9FA /* SearchViewModel.swift */ = {isa = PBXFileReference; lastKnownFileType = sourcecode.swift; path = SearchViewModel.swift; sourceTree = "<group>"; };
		63F85765223292BF0096C9FA /* UserInfo.swift */ = {isa = PBXFileReference; lastKnownFileType = sourcecode.swift; path = UserInfo.swift; sourceTree = "<group>"; };
		63FF78E0224385BD002720AD /* FollowingViewController.swift */ = {isa = PBXFileReference; lastKnownFileType = sourcecode.swift; path = FollowingViewController.swift; sourceTree = "<group>"; };
		63FF78E222438601002720AD /* FollowingViewModel.swift */ = {isa = PBXFileReference; lastKnownFileType = sourcecode.swift; path = FollowingViewModel.swift; sourceTree = "<group>"; };
		63FF78E4224386E6002720AD /* FollowingTableViewCell.swift */ = {isa = PBXFileReference; lastKnownFileType = sourcecode.swift; path = FollowingTableViewCell.swift; sourceTree = "<group>"; };
		63FF78E72243C7EF002720AD /* FollowersViewController.swift */ = {isa = PBXFileReference; lastKnownFileType = sourcecode.swift; path = FollowersViewController.swift; sourceTree = "<group>"; };
		63FF78E92243C80A002720AD /* FollowersTableViewCell.swift */ = {isa = PBXFileReference; lastKnownFileType = sourcecode.swift; path = FollowersTableViewCell.swift; sourceTree = "<group>"; };
		63FF78EB2243C81E002720AD /* FollowersViewModel.swift */ = {isa = PBXFileReference; lastKnownFileType = sourcecode.swift; path = FollowersViewModel.swift; sourceTree = "<group>"; };
		63FF78ED2243CB20002720AD /* Design.swift */ = {isa = PBXFileReference; lastKnownFileType = sourcecode.swift; path = Design.swift; sourceTree = "<group>"; };
		63FF78EF2243D9EC002720AD /* Buttons.swift */ = {isa = PBXFileReference; lastKnownFileType = sourcecode.swift; path = Buttons.swift; sourceTree = "<group>"; };
		871D18A2C14964BBEE981553 /* Pods-appoetry1Tests.release.xcconfig */ = {isa = PBXFileReference; includeInIndex = 1; lastKnownFileType = text.xcconfig; name = "Pods-appoetry1Tests.release.xcconfig"; path = "Target Support Files/Pods-appoetry1Tests/Pods-appoetry1Tests.release.xcconfig"; sourceTree = "<group>"; };
		CD3F21AFA5F613326F4FCFBC /* Pods_appoetry1Tests.framework */ = {isa = PBXFileReference; explicitFileType = wrapper.framework; includeInIndex = 0; path = Pods_appoetry1Tests.framework; sourceTree = BUILT_PRODUCTS_DIR; };
		F4D3146AC7CB5993781EB841 /* Pods-appoetry1.debug.xcconfig */ = {isa = PBXFileReference; includeInIndex = 1; lastKnownFileType = text.xcconfig; name = "Pods-appoetry1.debug.xcconfig"; path = "Target Support Files/Pods-appoetry1/Pods-appoetry1.debug.xcconfig"; sourceTree = "<group>"; };
/* End PBXFileReference section */

/* Begin PBXFrameworksBuildPhase section */
		630C7383222FD5E80020C2FC /* Frameworks */ = {
			isa = PBXFrameworksBuildPhase;
			buildActionMask = 2147483647;
			files = (
				E4E335F1BE1C8FE72D93F448 /* Pods_appoetry1Tests.framework in Frameworks */,
			);
			runOnlyForDeploymentPostprocessing = 0;
		};
		636A57DD2223D8DA0021D197 /* Frameworks */ = {
			isa = PBXFrameworksBuildPhase;
			buildActionMask = 2147483647;
			files = (
				1758915A3D71267347FF780C /* Pods_appoetry1.framework in Frameworks */,
			);
			runOnlyForDeploymentPostprocessing = 0;
		};
/* End PBXFrameworksBuildPhase section */

/* Begin PBXGroup section */
		630C7377222FADDB0020C2FC /* Search */ = {
			isa = PBXGroup;
			children = (
				630C7378222FAE260020C2FC /* SearchViewController.swift */,
				63F85763223278950096C9FA /* SearchViewModel.swift */,
				630AB76E22392E7000D6235E /* SearchUserCell.swift */,
			);
			path = Search;
			sourceTree = "<group>";
		};
		630C737A222FAE2C0020C2FC /* My Profile */ = {
			isa = PBXGroup;
			children = (
				63C468792244E49200895153 /* Edit profile */,
				63F8575F223278190096C9FA /* MyProfileViewController.swift */,
				63F857612232787C0096C9FA /* MyProfileViewModel.swift */,
				63E4CF13223FD50F00ACF5C2 /* MyProfileFeedCell.swift */,
			);
			path = "My Profile";
			sourceTree = "<group>";
		};
		630C737D222FAE490020C2FC /* Favorites */ = {
			isa = PBXGroup;
			children = (
				630C737E222FAE6B0020C2FC /* FavouritesViewController.swift */,
				63F8575D223277F10096C9FA /* FavouritesViewModel.swift */,
				63E4CF15223FEEEE00ACF5C2 /* FavouriteFeedViewCell.swift */,
			);
			path = Favorites;
			sourceTree = "<group>";
		};
		630C7387222FD5E80020C2FC /* appoetry1Tests */ = {
			isa = PBXGroup;
			children = (
				630C7388222FD5E80020C2FC /* userServiceTests.swift */,
				630C738A222FD5E80020C2FC /* Info.plist */,
			);
			path = appoetry1Tests;
			sourceTree = "<group>";
		};
		636A57D72223D8D90021D197 = {
			isa = PBXGroup;
			children = (
				636A57E22223D8DA0021D197 /* appoetry1 */,
				630C7387222FD5E80020C2FC /* appoetry1Tests */,
				636A57E12223D8DA0021D197 /* Products */,
				7996A83E8F2FD8D6FC98C0A4 /* Pods */,
				83FC350CB91569521CC0C7AC /* Frameworks */,
			);
			sourceTree = "<group>";
		};
		636A57E12223D8DA0021D197 /* Products */ = {
			isa = PBXGroup;
			children = (
				636A57E02223D8DA0021D197 /* appoetry1.app */,
				630C7386222FD5E80020C2FC /* appoetry1Tests.xctest */,
			);
			name = Products;
			sourceTree = "<group>";
		};
		636A57E22223D8DA0021D197 /* appoetry1 */ = {
			isa = PBXGroup;
			children = (
				636A57E32223D8DA0021D197 /* AppDelegate.swift */,
				63553FE6222FAA5700F1659F /* MainTabBarController.swift */,
				63C777C32231747900CC753C /* Create a Post */,
				63D60D4E22280E6E000ECAA8 /* Util */,
				63D5E5EB222697B3008D9163 /* Login */,
				630C737D222FAE490020C2FC /* Favorites */,
				63FF78E62243C7A1002720AD /* Followers */,
				63FF78DF22438595002720AD /* Following */,
				63F5366422424DBC0019BDE6 /* Profiles */,
				630C737A222FAE2C0020C2FC /* My Profile */,
				630C7377222FADDB0020C2FC /* Search */,
				63D60D452227C989000ECAA8 /* Main */,
				637BE0362224299700B4E7CC /* Registration */,
				63D60D56222959EE000ECAA8 /* Dependencies */,
				63D60D51222819D0000ECAA8 /* Storyboards */,
				63D60D522229212D000ECAA8 /* Services */,
				637BE02B2223FF8200B4E7CC /* Flows */,
				636A57EA2223D8DC0021D197 /* Assets.xcassets */,
				636A57EF2223D8DC0021D197 /* Info.plist */,
				637BE034222415B100B4E7CC /* GoogleService-Info.plist */,
			);
			path = appoetry1;
			sourceTree = "<group>";
		};
		637BE02B2223FF8200B4E7CC /* Flows */ = {
			isa = PBXGroup;
			children = (
				63D60D462227CEF3000ECAA8 /* PFlowController.swift */,
				637BE02C2223FF9E00B4E7CC /* AppFlow.swift */,
				6335030C223A9A7F0028608E /* MainFlow.swift */,
				637BE0302223FFB500B4E7CC /* LoginFlow.swift */,
				637BE0322223FFC000B4E7CC /* RegFlow.swift */,
			);
			path = Flows;
			sourceTree = "<group>";
		};
		637BE0362224299700B4E7CC /* Registration */ = {
			isa = PBXGroup;
			children = (
				6318BC222223F0D1003EF60E /* RegisterViewController.swift */,
				63D60D432227C3D9000ECAA8 /* RegisterViewModel.swift */,
				637BE037222429D200B4E7CC /* RegisterStep2ViewController.swift */,
				63D60D482227CFA3000ECAA8 /* RegisterStep2ViewModel.swift */,
				637BE0392224361200B4E7CC /* RegisterStep3ViewController.swift */,
				63A91829222524E6008F0B68 /* RegisterStep3ViewModel.swift */,
			);
			path = Registration;
			sourceTree = "<group>";
		};
		63C468792244E49200895153 /* Edit profile */ = {
			isa = PBXGroup;
			children = (
				63C4687A2244E4BE00895153 /* EditProfileViewController.swift */,
				63C4687C2244E4D200895153 /* EditProfileViewModel.swift */,
			);
			path = "Edit profile";
			sourceTree = "<group>";
		};
		63C777C32231747900CC753C /* Create a Post */ = {
			isa = PBXGroup;
			children = (
				63C777C4223174B800CC753C /* CreatePostViewController.swift */,
				6335030A223A8B700028608E /* CreatePostViewModel.swift */,
			);
			path = "Create a Post";
			sourceTree = "<group>";
		};
		63D5E5EB222697B3008D9163 /* Login */ = {
			isa = PBXGroup;
			children = (
				6318BC202223F09F003EF60E /* LoginViewController.swift */,
				63D5E5EC222697C6008D9163 /* LoginViewModel.swift */,
			);
			path = Login;
			sourceTree = "<group>";
		};
		63D60D452227C989000ECAA8 /* Main */ = {
			isa = PBXGroup;
			children = (
				636A57E52223D8DA0021D197 /* MainViewController.swift */,
				63D60D5A22295D8B000ECAA8 /* MainViewModel.swift */,
				63AFEE31223BF34900C5068E /* MainFeedViewCell.swift */,
			);
			path = Main;
			sourceTree = "<group>";
		};
		63D60D4E22280E6E000ECAA8 /* Util */ = {
			isa = PBXGroup;
			children = (
				63D60D4C22280D13000ECAA8 /* ClassName.swift */,
				63D60D4F22280E8C000ECAA8 /* Storyboard.swift */,
				63F85765223292BF0096C9FA /* UserInfo.swift */,
				63AFEE33223C07BC00C5068E /* Post.swift */,
				6334F55E2248C72200538933 /* Date.swift */,
				63FF78ED2243CB20002720AD /* Design.swift */,
				63FF78EF2243D9EC002720AD /* Buttons.swift */,
			);
			path = Util;
			sourceTree = "<group>";
		};
		63D60D51222819D0000ECAA8 /* Storyboards */ = {
			isa = PBXGroup;
			children = (
				6318BC1D2223EFB2003EF60E /* Main.storyboard */,
				636A57E72223D8DA0021D197 /* Register.storyboard */,
				63D60D4A2228028C000ECAA8 /* Login.storyboard */,
				636A57EC2223D8DC0021D197 /* LaunchScreen.storyboard */,
			);
			path = Storyboards;
			sourceTree = "<group>";
		};
		63D60D522229212D000ECAA8 /* Services */ = {
			isa = PBXGroup;
			children = (
				63D60D5322292148000ECAA8 /* User Services */,
			);
			path = Services;
			sourceTree = "<group>";
		};
		63D60D5322292148000ECAA8 /* User Services */ = {
			isa = PBXGroup;
			children = (
				63D60D542229215B000ECAA8 /* UserServices.swift */,
				630C7380222FCB440020C2FC /* DumbUserService.swift */,
				63B56346224A6F1C00B68AB2 /* DatabaseService.swift */,
			);
			path = "User Services";
			sourceTree = "<group>";
		};
		63D60D56222959EE000ECAA8 /* Dependencies */ = {
			isa = PBXGroup;
			children = (
				63D60D5822295A1C000ECAA8 /* Dependencies.swift */,
			);
			path = Dependencies;
			sourceTree = "<group>";
		};
		63F5366422424DBC0019BDE6 /* Profiles */ = {
			isa = PBXGroup;
			children = (
				63F5366522424DEC0019BDE6 /* ProfilesViewController.swift */,
				63F5366922424E320019BDE6 /* ProfilesViewModel.swift */,
				63F5366722424E230019BDE6 /* ProfilesFeedCell.swift */,
			);
			path = Profiles;
			sourceTree = "<group>";
		};
		63FF78DF22438595002720AD /* Following */ = {
			isa = PBXGroup;
			children = (
				63FF78E0224385BD002720AD /* FollowingViewController.swift */,
				63FF78E222438601002720AD /* FollowingViewModel.swift */,
				63FF78E4224386E6002720AD /* FollowingTableViewCell.swift */,
			);
			path = Following;
			sourceTree = "<group>";
		};
		63FF78E62243C7A1002720AD /* Followers */ = {
			isa = PBXGroup;
			children = (
				63FF78E72243C7EF002720AD /* FollowersViewController.swift */,
				63FF78EB2243C81E002720AD /* FollowersViewModel.swift */,
				63FF78E92243C80A002720AD /* FollowersTableViewCell.swift */,
			);
			path = Followers;
			sourceTree = "<group>";
		};
		7996A83E8F2FD8D6FC98C0A4 /* Pods */ = {
			isa = PBXGroup;
			children = (
				F4D3146AC7CB5993781EB841 /* Pods-appoetry1.debug.xcconfig */,
				47945BAC431D1A09313BE45B /* Pods-appoetry1.release.xcconfig */,
				0BF0EE065C11B49939A2CF21 /* Pods-appoetry1Tests.debug.xcconfig */,
				871D18A2C14964BBEE981553 /* Pods-appoetry1Tests.release.xcconfig */,
			);
			path = Pods;
			sourceTree = "<group>";
		};
		83FC350CB91569521CC0C7AC /* Frameworks */ = {
			isa = PBXGroup;
			children = (
				463AB6E0CD76989072447C33 /* Pods_appoetry1.framework */,
				CD3F21AFA5F613326F4FCFBC /* Pods_appoetry1Tests.framework */,
			);
			name = Frameworks;
			sourceTree = "<group>";
		};
/* End PBXGroup section */

/* Begin PBXNativeTarget section */
		630C7385222FD5E80020C2FC /* appoetry1Tests */ = {
			isa = PBXNativeTarget;
			buildConfigurationList = 630C738D222FD5E80020C2FC /* Build configuration list for PBXNativeTarget "appoetry1Tests" */;
			buildPhases = (
				535EE354E4349F7AC185247F /* [CP] Check Pods Manifest.lock */,
				630C7382222FD5E80020C2FC /* Sources */,
				630C7383222FD5E80020C2FC /* Frameworks */,
				630C7384222FD5E80020C2FC /* Resources */,
				C90268C9C0DEE05E4195AF3C /* [CP] Embed Pods Frameworks */,
			);
			buildRules = (
			);
			dependencies = (
				630C738C222FD5E80020C2FC /* PBXTargetDependency */,
			);
			name = appoetry1Tests;
			productName = appoetry1Tests;
			productReference = 630C7386222FD5E80020C2FC /* appoetry1Tests.xctest */;
			productType = "com.apple.product-type.bundle.unit-test";
		};
		636A57DF2223D8DA0021D197 /* appoetry1 */ = {
			isa = PBXNativeTarget;
			buildConfigurationList = 636A57F22223D8DC0021D197 /* Build configuration list for PBXNativeTarget "appoetry1" */;
			buildPhases = (
				2A32967CF90BF98E0EDBBC39 /* [CP] Check Pods Manifest.lock */,
				636A57DC2223D8DA0021D197 /* Sources */,
				636A57DD2223D8DA0021D197 /* Frameworks */,
				636A57DE2223D8DA0021D197 /* Resources */,
				D5FA7705037FA4F2656E913C /* [CP] Embed Pods Frameworks */,
			);
			buildRules = (
			);
			dependencies = (
			);
			name = appoetry1;
			productName = appoetry1;
			productReference = 636A57E02223D8DA0021D197 /* appoetry1.app */;
			productType = "com.apple.product-type.application";
		};
/* End PBXNativeTarget section */

/* Begin PBXProject section */
		636A57D82223D8D90021D197 /* Project object */ = {
			isa = PBXProject;
			attributes = {
				LastSwiftUpdateCheck = 1010;
				LastUpgradeCheck = 1010;
				ORGANIZATIONNAME = Chili;
				TargetAttributes = {
					630C7385222FD5E80020C2FC = {
						CreatedOnToolsVersion = 10.1;
						TestTargetID = 636A57DF2223D8DA0021D197;
					};
					636A57DF2223D8DA0021D197 = {
						CreatedOnToolsVersion = 10.1;
					};
				};
			};
			buildConfigurationList = 636A57DB2223D8D90021D197 /* Build configuration list for PBXProject "appoetry1" */;
			compatibilityVersion = "Xcode 9.3";
			developmentRegion = en;
			hasScannedForEncodings = 0;
			knownRegions = (
				en,
				Base,
			);
			mainGroup = 636A57D72223D8D90021D197;
			productRefGroup = 636A57E12223D8DA0021D197 /* Products */;
			projectDirPath = "";
			projectRoot = "";
			targets = (
				636A57DF2223D8DA0021D197 /* appoetry1 */,
				630C7385222FD5E80020C2FC /* appoetry1Tests */,
			);
		};
/* End PBXProject section */

/* Begin PBXResourcesBuildPhase section */
		630C7384222FD5E80020C2FC /* Resources */ = {
			isa = PBXResourcesBuildPhase;
			buildActionMask = 2147483647;
			files = (
			);
			runOnlyForDeploymentPostprocessing = 0;
		};
		636A57DE2223D8DA0021D197 /* Resources */ = {
			isa = PBXResourcesBuildPhase;
			buildActionMask = 2147483647;
			files = (
				636A57EE2223D8DC0021D197 /* LaunchScreen.storyboard in Resources */,
				636A57EB2223D8DC0021D197 /* Assets.xcassets in Resources */,
				637BE035222415B100B4E7CC /* GoogleService-Info.plist in Resources */,
				636A57E92223D8DA0021D197 /* Register.storyboard in Resources */,
				6318BC1E2223EFB2003EF60E /* Main.storyboard in Resources */,
				63D60D4B2228028C000ECAA8 /* Login.storyboard in Resources */,
			);
			runOnlyForDeploymentPostprocessing = 0;
		};
/* End PBXResourcesBuildPhase section */

/* Begin PBXShellScriptBuildPhase section */
		2A32967CF90BF98E0EDBBC39 /* [CP] Check Pods Manifest.lock */ = {
			isa = PBXShellScriptBuildPhase;
			buildActionMask = 2147483647;
			files = (
			);
			inputFileListPaths = (
			);
			inputPaths = (
				"${PODS_PODFILE_DIR_PATH}/Podfile.lock",
				"${PODS_ROOT}/Manifest.lock",
			);
			name = "[CP] Check Pods Manifest.lock";
			outputFileListPaths = (
			);
			outputPaths = (
				"$(DERIVED_FILE_DIR)/Pods-appoetry1-checkManifestLockResult.txt",
			);
			runOnlyForDeploymentPostprocessing = 0;
			shellPath = /bin/sh;
			shellScript = "diff \"${PODS_PODFILE_DIR_PATH}/Podfile.lock\" \"${PODS_ROOT}/Manifest.lock\" > /dev/null\nif [ $? != 0 ] ; then\n    # print error to STDERR\n    echo \"error: The sandbox is not in sync with the Podfile.lock. Run 'pod install' or update your CocoaPods installation.\" >&2\n    exit 1\nfi\n# This output is used by Xcode 'outputs' to avoid re-running this script phase.\necho \"SUCCESS\" > \"${SCRIPT_OUTPUT_FILE_0}\"\n";
			showEnvVarsInLog = 0;
		};
		535EE354E4349F7AC185247F /* [CP] Check Pods Manifest.lock */ = {
			isa = PBXShellScriptBuildPhase;
			buildActionMask = 2147483647;
			files = (
			);
			inputFileListPaths = (
			);
			inputPaths = (
				"${PODS_PODFILE_DIR_PATH}/Podfile.lock",
				"${PODS_ROOT}/Manifest.lock",
			);
			name = "[CP] Check Pods Manifest.lock";
			outputFileListPaths = (
			);
			outputPaths = (
				"$(DERIVED_FILE_DIR)/Pods-appoetry1Tests-checkManifestLockResult.txt",
			);
			runOnlyForDeploymentPostprocessing = 0;
			shellPath = /bin/sh;
			shellScript = "diff \"${PODS_PODFILE_DIR_PATH}/Podfile.lock\" \"${PODS_ROOT}/Manifest.lock\" > /dev/null\nif [ $? != 0 ] ; then\n    # print error to STDERR\n    echo \"error: The sandbox is not in sync with the Podfile.lock. Run 'pod install' or update your CocoaPods installation.\" >&2\n    exit 1\nfi\n# This output is used by Xcode 'outputs' to avoid re-running this script phase.\necho \"SUCCESS\" > \"${SCRIPT_OUTPUT_FILE_0}\"\n";
			showEnvVarsInLog = 0;
		};
		C90268C9C0DEE05E4195AF3C /* [CP] Embed Pods Frameworks */ = {
			isa = PBXShellScriptBuildPhase;
			buildActionMask = 2147483647;
			files = (
			);
			inputFileListPaths = (
			);
			inputPaths = (
				"${PODS_ROOT}/Target Support Files/Pods-appoetry1Tests/Pods-appoetry1Tests-frameworks.sh",
				"${BUILT_PRODUCTS_DIR}/GTMSessionFetcher/GTMSessionFetcher.framework",
				"${BUILT_PRODUCTS_DIR}/GoogleUtilities/GoogleUtilities.framework",
				"${BUILT_PRODUCTS_DIR}/Kingfisher/Kingfisher.framework",
				"${BUILT_PRODUCTS_DIR}/leveldb-library/leveldb.framework",
				"${BUILT_PRODUCTS_DIR}/nanopb/nanopb.framework",
			);
			name = "[CP] Embed Pods Frameworks";
			outputFileListPaths = (
			);
			outputPaths = (
				"${TARGET_BUILD_DIR}/${FRAMEWORKS_FOLDER_PATH}/GTMSessionFetcher.framework",
				"${TARGET_BUILD_DIR}/${FRAMEWORKS_FOLDER_PATH}/GoogleUtilities.framework",
				"${TARGET_BUILD_DIR}/${FRAMEWORKS_FOLDER_PATH}/Kingfisher.framework",
				"${TARGET_BUILD_DIR}/${FRAMEWORKS_FOLDER_PATH}/leveldb.framework",
				"${TARGET_BUILD_DIR}/${FRAMEWORKS_FOLDER_PATH}/nanopb.framework",
			);
			runOnlyForDeploymentPostprocessing = 0;
			shellPath = /bin/sh;
			shellScript = "\"${PODS_ROOT}/Target Support Files/Pods-appoetry1Tests/Pods-appoetry1Tests-frameworks.sh\"\n";
			showEnvVarsInLog = 0;
		};
		D5FA7705037FA4F2656E913C /* [CP] Embed Pods Frameworks */ = {
			isa = PBXShellScriptBuildPhase;
			buildActionMask = 2147483647;
			files = (
			);
			inputFileListPaths = (
			);
			inputPaths = (
				"${PODS_ROOT}/Target Support Files/Pods-appoetry1/Pods-appoetry1-frameworks.sh",
				"${BUILT_PRODUCTS_DIR}/GTMSessionFetcher/GTMSessionFetcher.framework",
				"${BUILT_PRODUCTS_DIR}/GoogleUtilities/GoogleUtilities.framework",
				"${BUILT_PRODUCTS_DIR}/Kingfisher/Kingfisher.framework",
				"${BUILT_PRODUCTS_DIR}/leveldb-library/leveldb.framework",
				"${BUILT_PRODUCTS_DIR}/nanopb/nanopb.framework",
			);
			name = "[CP] Embed Pods Frameworks";
			outputFileListPaths = (
			);
			outputPaths = (
				"${TARGET_BUILD_DIR}/${FRAMEWORKS_FOLDER_PATH}/GTMSessionFetcher.framework",
				"${TARGET_BUILD_DIR}/${FRAMEWORKS_FOLDER_PATH}/GoogleUtilities.framework",
				"${TARGET_BUILD_DIR}/${FRAMEWORKS_FOLDER_PATH}/Kingfisher.framework",
				"${TARGET_BUILD_DIR}/${FRAMEWORKS_FOLDER_PATH}/leveldb.framework",
				"${TARGET_BUILD_DIR}/${FRAMEWORKS_FOLDER_PATH}/nanopb.framework",
			);
			runOnlyForDeploymentPostprocessing = 0;
			shellPath = /bin/sh;
			shellScript = "\"${PODS_ROOT}/Target Support Files/Pods-appoetry1/Pods-appoetry1-frameworks.sh\"\n";
			showEnvVarsInLog = 0;
		};
/* End PBXShellScriptBuildPhase section */

/* Begin PBXSourcesBuildPhase section */
		630C7382222FD5E80020C2FC /* Sources */ = {
			isa = PBXSourcesBuildPhase;
			buildActionMask = 2147483647;
			files = (
				630C7389222FD5E80020C2FC /* userServiceTests.swift in Sources */,
			);
			runOnlyForDeploymentPostprocessing = 0;
		};
		636A57DC2223D8DA0021D197 /* Sources */ = {
			isa = PBXSourcesBuildPhase;
			buildActionMask = 2147483647;
			files = (
				63F85766223292BF0096C9FA /* UserInfo.swift in Sources */,
				630C737F222FAE6B0020C2FC /* FavouritesViewController.swift in Sources */,
				63D60D5922295A1C000ECAA8 /* Dependencies.swift in Sources */,
				6318BC212223F09F003EF60E /* LoginViewController.swift in Sources */,
				630AB76F22392E7000D6235E /* SearchUserCell.swift in Sources */,
				63FF78EA2243C80A002720AD /* FollowersTableViewCell.swift in Sources */,
				63D60D4D22280D13000ECAA8 /* ClassName.swift in Sources */,
				636A57E62223D8DA0021D197 /* MainViewController.swift in Sources */,
				63D60D5022280E8C000ECAA8 /* Storyboard.swift in Sources */,
				6335030D223A9A7F0028608E /* MainFlow.swift in Sources */,
				63E4CF14223FD50F00ACF5C2 /* MyProfileFeedCell.swift in Sources */,
				63F5366A22424E320019BDE6 /* ProfilesViewModel.swift in Sources */,
				63F857622232787C0096C9FA /* MyProfileViewModel.swift in Sources */,
				63FF78E1224385BD002720AD /* FollowingViewController.swift in Sources */,
				63F85760223278190096C9FA /* MyProfileViewController.swift in Sources */,
				63FF78EE2243CB20002720AD /* Design.swift in Sources */,
				63D60D492227CFA3000ECAA8 /* RegisterStep2ViewModel.swift in Sources */,
				63FF78F02243D9EC002720AD /* Buttons.swift in Sources */,
				63D60D472227CEF3000ECAA8 /* PFlowController.swift in Sources */,
				63D60D552229215B000ECAA8 /* UserServices.swift in Sources */,
				63A9182A222524E6008F0B68 /* RegisterStep3ViewModel.swift in Sources */,
				63B56347224A6F1C00B68AB2 /* DatabaseService.swift in Sources */,
				63F8575E223277F10096C9FA /* FavouritesViewModel.swift in Sources */,
				630C7381222FCB440020C2FC /* DumbUserService.swift in Sources */,
				637BE03A2224361200B4E7CC /* RegisterStep3ViewController.swift in Sources */,
				636A57E42223D8DA0021D197 /* AppDelegate.swift in Sources */,
				63C777C5223174B800CC753C /* CreatePostViewController.swift in Sources */,
				63F5366622424DEC0019BDE6 /* ProfilesViewController.swift in Sources */,
				63F85764223278950096C9FA /* SearchViewModel.swift in Sources */,
				63FF78E322438601002720AD /* FollowingViewModel.swift in Sources */,
				63AFEE34223C07BC00C5068E /* Post.swift in Sources */,
				63FF78E82243C7EF002720AD /* FollowersViewController.swift in Sources */,
				63C4687D2244E4D200895153 /* EditProfileViewModel.swift in Sources */,
				63FF78E5224386E6002720AD /* FollowingTableViewCell.swift in Sources */,
				630C7379222FAE260020C2FC /* SearchViewController.swift in Sources */,
				637BE02D2223FF9E00B4E7CC /* AppFlow.swift in Sources */,
				63F5366822424E230019BDE6 /* ProfilesFeedCell.swift in Sources */,
				63D5E5ED222697C6008D9163 /* LoginViewModel.swift in Sources */,
				63D60D442227C3D9000ECAA8 /* RegisterViewModel.swift in Sources */,
				63FF78EC2243C81E002720AD /* FollowersViewModel.swift in Sources */,
				6334F55F2248C72200538933 /* Date.swift in Sources */,
				63D60D5B22295D8B000ECAA8 /* MainViewModel.swift in Sources */,
				637BE0312223FFB500B4E7CC /* LoginFlow.swift in Sources */,
				63C4687B2244E4BE00895153 /* EditProfileViewController.swift in Sources */,
				63553FE7222FAA5700F1659F /* MainTabBarController.swift in Sources */,
				6335030B223A8B700028608E /* CreatePostViewModel.swift in Sources */,
				637BE0332223FFC000B4E7CC /* RegFlow.swift in Sources */,
				637BE038222429D200B4E7CC /* RegisterStep2ViewController.swift in Sources */,
				6318BC232223F0D1003EF60E /* RegisterViewController.swift in Sources */,
				63AFEE32223BF34900C5068E /* MainFeedViewCell.swift in Sources */,
				63E4CF16223FEEEE00ACF5C2 /* FavouriteFeedViewCell.swift in Sources */,
			);
			runOnlyForDeploymentPostprocessing = 0;
		};
/* End PBXSourcesBuildPhase section */

/* Begin PBXTargetDependency section */
		630C738C222FD5E80020C2FC /* PBXTargetDependency */ = {
			isa = PBXTargetDependency;
			target = 636A57DF2223D8DA0021D197 /* appoetry1 */;
			targetProxy = 630C738B222FD5E80020C2FC /* PBXContainerItemProxy */;
		};
/* End PBXTargetDependency section */

/* Begin PBXVariantGroup section */
		636A57E72223D8DA0021D197 /* Register.storyboard */ = {
			isa = PBXVariantGroup;
			children = (
				636A57E82223D8DA0021D197 /* Base */,
			);
			name = Register.storyboard;
			sourceTree = "<group>";
		};
		636A57EC2223D8DC0021D197 /* LaunchScreen.storyboard */ = {
			isa = PBXVariantGroup;
			children = (
				636A57ED2223D8DC0021D197 /* Base */,
			);
			name = LaunchScreen.storyboard;
			sourceTree = "<group>";
		};
/* End PBXVariantGroup section */

/* Begin XCBuildConfiguration section */
		630C738E222FD5E80020C2FC /* Debug */ = {
			isa = XCBuildConfiguration;
			baseConfigurationReference = 0BF0EE065C11B49939A2CF21 /* Pods-appoetry1Tests.debug.xcconfig */;
			buildSettings = {
				BUNDLE_LOADER = "$(TEST_HOST)";
				CODE_SIGN_STYLE = Automatic;
				INFOPLIST_FILE = appoetry1Tests/Info.plist;
				LD_RUNPATH_SEARCH_PATHS = (
					"$(inherited)",
					"@executable_path/Frameworks",
					"@loader_path/Frameworks",
				);
				PRODUCT_BUNDLE_IDENTIFIER = chi.appoetry1Tests;
				PRODUCT_NAME = "$(TARGET_NAME)";
				SWIFT_VERSION = 4.2;
				TARGETED_DEVICE_FAMILY = "1,2";
				TEST_HOST = "$(BUILT_PRODUCTS_DIR)/appoetry1.app/appoetry1";
			};
			name = Debug;
		};
		630C738F222FD5E80020C2FC /* Release */ = {
			isa = XCBuildConfiguration;
			baseConfigurationReference = 871D18A2C14964BBEE981553 /* Pods-appoetry1Tests.release.xcconfig */;
			buildSettings = {
				BUNDLE_LOADER = "$(TEST_HOST)";
				CODE_SIGN_STYLE = Automatic;
				INFOPLIST_FILE = appoetry1Tests/Info.plist;
				LD_RUNPATH_SEARCH_PATHS = (
					"$(inherited)",
					"@executable_path/Frameworks",
					"@loader_path/Frameworks",
				);
				PRODUCT_BUNDLE_IDENTIFIER = chi.appoetry1Tests;
				PRODUCT_NAME = "$(TARGET_NAME)";
				SWIFT_VERSION = 4.2;
				TARGETED_DEVICE_FAMILY = "1,2";
				TEST_HOST = "$(BUILT_PRODUCTS_DIR)/appoetry1.app/appoetry1";
			};
			name = Release;
		};
		636A57F02223D8DC0021D197 /* Debug */ = {
			isa = XCBuildConfiguration;
			buildSettings = {
				ALWAYS_SEARCH_USER_PATHS = NO;
				CLANG_ANALYZER_NONNULL = YES;
				CLANG_ANALYZER_NUMBER_OBJECT_CONVERSION = YES_AGGRESSIVE;
				CLANG_CXX_LANGUAGE_STANDARD = "gnu++14";
				CLANG_CXX_LIBRARY = "libc++";
				CLANG_ENABLE_MODULES = YES;
				CLANG_ENABLE_OBJC_ARC = YES;
				CLANG_ENABLE_OBJC_WEAK = YES;
				CLANG_WARN_BLOCK_CAPTURE_AUTORELEASING = YES;
				CLANG_WARN_BOOL_CONVERSION = YES;
				CLANG_WARN_COMMA = YES;
				CLANG_WARN_CONSTANT_CONVERSION = YES;
				CLANG_WARN_DEPRECATED_OBJC_IMPLEMENTATIONS = YES;
				CLANG_WARN_DIRECT_OBJC_ISA_USAGE = YES_ERROR;
				CLANG_WARN_DOCUMENTATION_COMMENTS = YES;
				CLANG_WARN_EMPTY_BODY = YES;
				CLANG_WARN_ENUM_CONVERSION = YES;
				CLANG_WARN_INFINITE_RECURSION = YES;
				CLANG_WARN_INT_CONVERSION = YES;
				CLANG_WARN_NON_LITERAL_NULL_CONVERSION = YES;
				CLANG_WARN_OBJC_IMPLICIT_RETAIN_SELF = YES;
				CLANG_WARN_OBJC_LITERAL_CONVERSION = YES;
				CLANG_WARN_OBJC_ROOT_CLASS = YES_ERROR;
				CLANG_WARN_RANGE_LOOP_ANALYSIS = YES;
				CLANG_WARN_STRICT_PROTOTYPES = YES;
				CLANG_WARN_SUSPICIOUS_MOVE = YES;
				CLANG_WARN_UNGUARDED_AVAILABILITY = YES_AGGRESSIVE;
				CLANG_WARN_UNREACHABLE_CODE = YES;
				CLANG_WARN__DUPLICATE_METHOD_MATCH = YES;
				CODE_SIGN_IDENTITY = "iPhone Developer";
				COPY_PHASE_STRIP = NO;
				DEBUG_INFORMATION_FORMAT = dwarf;
				ENABLE_STRICT_OBJC_MSGSEND = YES;
				ENABLE_TESTABILITY = YES;
				GCC_C_LANGUAGE_STANDARD = gnu11;
				GCC_DYNAMIC_NO_PIC = NO;
				GCC_NO_COMMON_BLOCKS = YES;
				GCC_OPTIMIZATION_LEVEL = 0;
				GCC_PREPROCESSOR_DEFINITIONS = (
					"DEBUG=1",
					"$(inherited)",
				);
				GCC_WARN_64_TO_32_BIT_CONVERSION = YES;
				GCC_WARN_ABOUT_RETURN_TYPE = YES_ERROR;
				GCC_WARN_UNDECLARED_SELECTOR = YES;
				GCC_WARN_UNINITIALIZED_AUTOS = YES_AGGRESSIVE;
				GCC_WARN_UNUSED_FUNCTION = YES;
				GCC_WARN_UNUSED_VARIABLE = YES;
				IPHONEOS_DEPLOYMENT_TARGET = 12.1;
				MTL_ENABLE_DEBUG_INFO = INCLUDE_SOURCE;
				MTL_FAST_MATH = YES;
				ONLY_ACTIVE_ARCH = YES;
				SDKROOT = iphoneos;
				SWIFT_ACTIVE_COMPILATION_CONDITIONS = DEBUG;
				SWIFT_OPTIMIZATION_LEVEL = "-Onone";
			};
			name = Debug;
		};
		636A57F12223D8DC0021D197 /* Release */ = {
			isa = XCBuildConfiguration;
			buildSettings = {
				ALWAYS_SEARCH_USER_PATHS = NO;
				CLANG_ANALYZER_NONNULL = YES;
				CLANG_ANALYZER_NUMBER_OBJECT_CONVERSION = YES_AGGRESSIVE;
				CLANG_CXX_LANGUAGE_STANDARD = "gnu++14";
				CLANG_CXX_LIBRARY = "libc++";
				CLANG_ENABLE_MODULES = YES;
				CLANG_ENABLE_OBJC_ARC = YES;
				CLANG_ENABLE_OBJC_WEAK = YES;
				CLANG_WARN_BLOCK_CAPTURE_AUTORELEASING = YES;
				CLANG_WARN_BOOL_CONVERSION = YES;
				CLANG_WARN_COMMA = YES;
				CLANG_WARN_CONSTANT_CONVERSION = YES;
				CLANG_WARN_DEPRECATED_OBJC_IMPLEMENTATIONS = YES;
				CLANG_WARN_DIRECT_OBJC_ISA_USAGE = YES_ERROR;
				CLANG_WARN_DOCUMENTATION_COMMENTS = YES;
				CLANG_WARN_EMPTY_BODY = YES;
				CLANG_WARN_ENUM_CONVERSION = YES;
				CLANG_WARN_INFINITE_RECURSION = YES;
				CLANG_WARN_INT_CONVERSION = YES;
				CLANG_WARN_NON_LITERAL_NULL_CONVERSION = YES;
				CLANG_WARN_OBJC_IMPLICIT_RETAIN_SELF = YES;
				CLANG_WARN_OBJC_LITERAL_CONVERSION = YES;
				CLANG_WARN_OBJC_ROOT_CLASS = YES_ERROR;
				CLANG_WARN_RANGE_LOOP_ANALYSIS = YES;
				CLANG_WARN_STRICT_PROTOTYPES = YES;
				CLANG_WARN_SUSPICIOUS_MOVE = YES;
				CLANG_WARN_UNGUARDED_AVAILABILITY = YES_AGGRESSIVE;
				CLANG_WARN_UNREACHABLE_CODE = YES;
				CLANG_WARN__DUPLICATE_METHOD_MATCH = YES;
				CODE_SIGN_IDENTITY = "iPhone Developer";
				COPY_PHASE_STRIP = NO;
				DEBUG_INFORMATION_FORMAT = "dwarf-with-dsym";
				ENABLE_NS_ASSERTIONS = NO;
				ENABLE_STRICT_OBJC_MSGSEND = YES;
				GCC_C_LANGUAGE_STANDARD = gnu11;
				GCC_NO_COMMON_BLOCKS = YES;
				GCC_WARN_64_TO_32_BIT_CONVERSION = YES;
				GCC_WARN_ABOUT_RETURN_TYPE = YES_ERROR;
				GCC_WARN_UNDECLARED_SELECTOR = YES;
				GCC_WARN_UNINITIALIZED_AUTOS = YES_AGGRESSIVE;
				GCC_WARN_UNUSED_FUNCTION = YES;
				GCC_WARN_UNUSED_VARIABLE = YES;
				IPHONEOS_DEPLOYMENT_TARGET = 12.1;
				MTL_ENABLE_DEBUG_INFO = NO;
				MTL_FAST_MATH = YES;
				SDKROOT = iphoneos;
				SWIFT_COMPILATION_MODE = wholemodule;
				SWIFT_OPTIMIZATION_LEVEL = "-O";
				VALIDATE_PRODUCT = YES;
			};
			name = Release;
		};
		636A57F32223D8DC0021D197 /* Debug */ = {
			isa = XCBuildConfiguration;
			baseConfigurationReference = F4D3146AC7CB5993781EB841 /* Pods-appoetry1.debug.xcconfig */;
			buildSettings = {
				ASSETCATALOG_COMPILER_APPICON_NAME = AppIcon;
				CODE_SIGN_STYLE = Automatic;
				INFOPLIST_FILE = appoetry1/Info.plist;
				LD_RUNPATH_SEARCH_PATHS = (
					"$(inherited)",
					"@executable_path/Frameworks",
				);
				PRODUCT_BUNDLE_IDENTIFIER = chi.appoetry1;
				PRODUCT_NAME = "$(TARGET_NAME)";
				SWIFT_VERSION = 4.2;
				TARGETED_DEVICE_FAMILY = "1,2";
			};
			name = Debug;
		};
		636A57F42223D8DC0021D197 /* Release */ = {
			isa = XCBuildConfiguration;
			baseConfigurationReference = 47945BAC431D1A09313BE45B /* Pods-appoetry1.release.xcconfig */;
			buildSettings = {
				ASSETCATALOG_COMPILER_APPICON_NAME = AppIcon;
				CODE_SIGN_STYLE = Automatic;
				INFOPLIST_FILE = appoetry1/Info.plist;
				LD_RUNPATH_SEARCH_PATHS = (
					"$(inherited)",
					"@executable_path/Frameworks",
				);
				PRODUCT_BUNDLE_IDENTIFIER = chi.appoetry1;
				PRODUCT_NAME = "$(TARGET_NAME)";
				SWIFT_VERSION = 4.2;
				TARGETED_DEVICE_FAMILY = "1,2";
			};
			name = Release;
		};
/* End XCBuildConfiguration section */

/* Begin XCConfigurationList section */
		630C738D222FD5E80020C2FC /* Build configuration list for PBXNativeTarget "appoetry1Tests" */ = {
			isa = XCConfigurationList;
			buildConfigurations = (
				630C738E222FD5E80020C2FC /* Debug */,
				630C738F222FD5E80020C2FC /* Release */,
			);
			defaultConfigurationIsVisible = 0;
			defaultConfigurationName = Release;
		};
		636A57DB2223D8D90021D197 /* Build configuration list for PBXProject "appoetry1" */ = {
			isa = XCConfigurationList;
			buildConfigurations = (
				636A57F02223D8DC0021D197 /* Debug */,
				636A57F12223D8DC0021D197 /* Release */,
			);
			defaultConfigurationIsVisible = 0;
			defaultConfigurationName = Release;
		};
		636A57F22223D8DC0021D197 /* Build configuration list for PBXNativeTarget "appoetry1" */ = {
			isa = XCConfigurationList;
			buildConfigurations = (
				636A57F32223D8DC0021D197 /* Debug */,
				636A57F42223D8DC0021D197 /* Release */,
			);
			defaultConfigurationIsVisible = 0;
			defaultConfigurationName = Release;
		};
/* End XCConfigurationList section */
	};
	rootObject = 636A57D82223D8D90021D197 /* Project object */;
}
